
Microsoft Visual Studio Solution File, Format Version 12.00
# Visual Studio Version 17
VisualStudioVersion = 17.0.32112.339
MinimumVisualStudioVersion = 10.0.40219.1
Project("{FAE04EC0-301F-11D3-BF4B-00C04F79EFBC}") = "metoder", "metoder.csproj", "{26595D1F-EF5E-4766-8229-DEACFC428289}"
EndProject
Global
	GlobalSection(SolutionConfigurationPlatforms) = preSolution
		Debug|Any CPU = Debug|Any CPU
		Release|Any CPU = Release|Any CPU
	EndGlobalSection
	GlobalSection(ProjectConfigurationPlatforms) = postSolution
		{26595D1F-EF5E-4766-8229-DEACFC428289}.Debug|Any CPU.ActiveCfg = Debug|Any CPU
		{26595D1F-EF5E-4766-8229-DEACFC428289}.Debug|Any CPU.Build.0 = Debug|Any CPU
		{26595D1F-EF5E-4766-8229-DEACFC428289}.Release|Any CPU.ActiveCfg = Release|Any CPU
		{26595D1F-EF5E-4766-8229-DEACFC428289}.Release|Any CPU.Build.0 = Release|Any CPU
	EndGlobalSection
	GlobalSection(SolutionProperties) = preSolution
		HideSolutionNode = FALSE
	EndGlobalSection
	GlobalSection(ExtensibilityGlobals) = postSolution
		SolutionGuid = {85379AC8-E07F-47DD-A477-B7B522690839}
	EndGlobalSection
EndGlobal
